github.com/ikawaha/kagome-dict v1.0.1/go.mod h1:pbeH4qwp/LVWKNePhU4Mh11w/l8uUSXKxfvNwRkj3NY=
github.com/ikawaha/kagome-dict v1.0.5 h1:7eUhaCuktTBVduV1/GwsEAR55ewBRJ2dDHtrzQHOnKc=
github.com/ikawaha/kagome-dict v1.0.5/go.mod h1:IMAq6d/YI2kDegn2smxhOjejGX4aes5JgCeFik6zFXI=
github.com/ikawaha/kagome-dict-ipa-neologd v0.2.0 h1:8w26KDLceTwB0XwLmgYlJuWvcj5IkYTqk0bRpYMWe80=
github.com/ikawaha/kagome-dict-ipa-neologd v0.2.0/go.mod h1:OGd+RoPeXFRwW+um8UPKdF5ph5BtuQMi+OI+XlVa0/A=
github.com/ikawaha/kagome-dict-ipa-neologd/internal/mod0 v0.2.0 h1:YguFPzMSmifObYJe/xfeH3V89fgfs40AcFjUxq/y1MI=
github.com/ikawaha/kagome-dict-ipa-neologd/internal/mod0 v0.2.0/go.mod h1:tkesu1EyCJ/s+5FlAGLO2tsk1nk2v6KIPXmMocf+OZg=
github.com/ikawaha/kagome-dict-ipa-neologd/internal/mod1 v0.2.0 h1:FzOrci0AW22Is5yn4DxF9e/NhtZPfGm0WGs9U8lfAJg=
github.com/ikawaha/kagome-dict-ipa-neologd/internal/mod1 v0.2.0/go.mod h1:E22PzCqgE2ir2vdBdJkhr7lF0T1iw2l8zuimsqW9BkY=
github.com/ikawaha/kagome-dict/ipa v1.0.6 h1:+v9o37pjnlZGVm2Jv98jxuZ+RJO3ZCEWa+ownJL6AMg=
github.com/ikawaha/kagome-dict/ipa v1.0.6/go.mod h1:+ydIDyvA+g6weyS362m1Q4xT19kJUlF2ciBqbnOQ7WE=
github.com/ikawaha/kagome/v2 v2.8.0 h1:4YhSr5gsIbmeglctyI9/29ekM8/tRNpB7697M29Zpds=
github.com/ikawaha/kagome/v2 v2.8.0/go.mod h1:DSeT49bHcm+NLDqj3IKZ/WRcMiIK/ZuMjpu+mtb4wdw=
golang.org/x/text v0.3.3/go.mod h1:5Zoc/QRtKVWzQhOtBMvqHzDpF6irO9z98xDceosuGiQ=
golang.org/x/tools v0.0.0-20180917221912-90fa682c2a6e/go.mod h1:n7NCudcB/nEzxVGmLbDWY5pfWTLqBcC2KZ6jyYvM4mQ=
